
Microsoft Visual Studio Solution File, Format Version 12.00
# Visual Studio 2013
VisualStudioVersion = 12.0.31101.0
MinimumVisualStudioVersion = 10.0.40219.1
Project("{FAE04EC0-301F-11D3-BF4B-00C04F79EFBC}") = "JimBobBennettApp.Droid", "JimBobBennettApp.Droid\JimBobBennettApp.Droid.csproj", "{0393D583-541C-43B7-8693-ABD7B6548E6F}"
EndProject
Project("{FAE04EC0-301F-11D3-BF4B-00C04F79EFBC}") = "JimBobBennettApp.Portable", "JimBobBennettApp.Portable\JimBobBennettApp.Portable.csproj", "{4FE8770F-FC9B-419F-B05E-F7DA7F870B47}"
EndProject
Project("{FAE04EC0-301F-11D3-BF4B-00C04F79EFBC}") = "JimBobBennettApp.iOS", "JimBobBennettApp.iOS\JimBobBennettApp.iOS.csproj", "{0EE4F7B3-9E1E-490B-B8EB-6C23B454F852}"
EndProject
Global
	GlobalSection(SolutionConfigurationPlatforms) = preSolution
		Ad-Hoc|Any CPU = Ad-Hoc|Any CPU
		Ad-Hoc|iPhone = Ad-Hoc|iPhone
		Ad-Hoc|iPhoneSimulator = Ad-Hoc|iPhoneSimulator
		Ad-Hoc|Mixed Platforms = Ad-Hoc|Mixed Platforms
		AppStore|Any CPU = AppStore|Any CPU
		AppStore|iPhone = AppStore|iPhone
		AppStore|iPhoneSimulator = AppStore|iPhoneSimulator
		AppStore|Mixed Platforms = AppStore|Mixed Platforms
		Debug|Any CPU = Debug|Any CPU
		Debug|iPhone = Debug|iPhone
		Debug|iPhoneSimulator = Debug|iPhoneSimulator
		Debug|Mixed Platforms = Debug|Mixed Platforms
		Release|Any CPU = Release|Any CPU
		Release|iPhone = Release|iPhone
		Release|iPhoneSimulator = Release|iPhoneSimulator
		Release|Mixed Platforms = Release|Mixed Platforms
	EndGlobalSection
	GlobalSection(ProjectConfigurationPlatforms) = postSolution
		{0393D583-541C-43B7-8693-ABD7B6548E6F}.Ad-Hoc|Any CPU.ActiveCfg = Release|Any CPU
		{0393D583-541C-43B7-8693-ABD7B6548E6F}.Ad-Hoc|Any CPU.Build.0 = Release|Any CPU
		{0393D583-541C-43B7-8693-ABD7B6548E6F}.Ad-Hoc|Any CPU.Deploy.0 = Release|Any CPU
		{0393D583-541C-43B7-8693-ABD7B6548E6F}.Ad-Hoc|iPhone.ActiveCfg = Release|Any CPU
		{0393D583-541C-43B7-8693-ABD7B6548E6F}.Ad-Hoc|iPhoneSimulator.ActiveCfg = Release|Any CPU
		{0393D583-541C-43B7-8693-ABD7B6548E6F}.Ad-Hoc|Mixed Platforms.ActiveCfg = Release|Any CPU
		{0393D583-541C-43B7-8693-ABD7B6548E6F}.Ad-Hoc|Mixed Platforms.Build.0 = Release|Any CPU
		{0393D583-541C-43B7-8693-ABD7B6548E6F}.Ad-Hoc|Mixed Platforms.Deploy.0 = Release|Any CPU
		{0393D583-541C-43B7-8693-ABD7B6548E6F}.AppStore|Any CPU.ActiveCfg = Release|Any CPU
		{0393D583-541C-43B7-8693-ABD7B6548E6F}.AppStore|Any CPU.Build.0 = Release|Any CPU
		{0393D583-541C-43B7-8693-ABD7B6548E6F}.AppStore|Any CPU.Deploy.0 = Release|Any CPU
		{0393D583-541C-43B7-8693-ABD7B6548E6F}.AppStore|iPhone.ActiveCfg = Release|Any CPU
		{0393D583-541C-43B7-8693-ABD7B6548E6F}.AppStore|iPhoneSimulator.ActiveCfg = Release|Any CPU
		{0393D583-541C-43B7-8693-ABD7B6548E6F}.AppStore|Mixed Platforms.ActiveCfg = Release|Any CPU
		{0393D583-541C-43B7-8693-ABD7B6548E6F}.AppStore|Mixed Platforms.Build.0 = Release|Any CPU
		{0393D583-541C-43B7-8693-ABD7B6548E6F}.AppStore|Mixed Platforms.Deploy.0 = Release|Any CPU
		{0393D583-541C-43B7-8693-ABD7B6548E6F}.Debug|Any CPU.ActiveCfg = Debug|Any CPU
		{0393D583-541C-43B7-8693-ABD7B6548E6F}.Debug|Any CPU.Build.0 = Debug|Any CPU
		{0393D583-541C-43B7-8693-ABD7B6548E6F}.Debug|Any CPU.Deploy.0 = Debug|Any CPU
		{0393D583-541C-43B7-8693-ABD7B6548E6F}.Debug|iPhone.ActiveCfg = Debug|Any CPU
		{0393D583-541C-43B7-8693-ABD7B6548E6F}.Debug|iPhoneSimulator.ActiveCfg = Debug|Any CPU
		{0393D583-541C-43B7-8693-ABD7B6548E6F}.Debug|Mixed Platforms.ActiveCfg = Debug|Any CPU
		{0393D583-541C-43B7-8693-ABD7B6548E6F}.Debug|Mixed Platforms.Build.0 = Debug|Any CPU
		{0393D583-541C-43B7-8693-ABD7B6548E6F}.Debug|Mixed Platforms.Deploy.0 = Debug|Any CPU
		{0393D583-541C-43B7-8693-ABD7B6548E6F}.Release|Any CPU.ActiveCfg = Release|Any CPU
		{0393D583-541C-43B7-8693-ABD7B6548E6F}.Release|Any CPU.Build.0 = Release|Any CPU
		{0393D583-541C-43B7-8693-ABD7B6548E6F}.Release|Any CPU.Deploy.0 = Release|Any CPU
		{0393D583-541C-43B7-8693-ABD7B6548E6F}.Release|iPhone.ActiveCfg = Release|Any CPU
		{0393D583-541C-43B7-8693-ABD7B6548E6F}.Release|iPhoneSimulator.ActiveCfg = Release|Any CPU
		{0393D583-541C-43B7-8693-ABD7B6548E6F}.Release|Mixed Platforms.ActiveCfg = Release|Any CPU
		{0393D583-541C-43B7-8693-ABD7B6548E6F}.Release|Mixed Platforms.Build.0 = Release|Any CPU
		{0393D583-541C-43B7-8693-ABD7B6548E6F}.Release|Mixed Platforms.Deploy.0 = Release|Any CPU
		{4FE8770F-FC9B-419F-B05E-F7DA7F870B47}.Ad-Hoc|Any CPU.ActiveCfg = Release|Any CPU
		{4FE8770F-FC9B-419F-B05E-F7DA7F870B47}.Ad-Hoc|Any CPU.Build.0 = Release|Any CPU
		{4FE8770F-FC9B-419F-B05E-F7DA7F870B47}.Ad-Hoc|iPhone.ActiveCfg = Release|Any CPU
		{4FE8770F-FC9B-419F-B05E-F7DA7F870B47}.Ad-Hoc|iPhoneSimulator.ActiveCfg = Release|Any CPU
		{4FE8770F-FC9B-419F-B05E-F7DA7F870B47}.Ad-Hoc|Mixed Platforms.ActiveCfg = Release|Any CPU
		{4FE8770F-FC9B-419F-B05E-F7DA7F870B47}.Ad-Hoc|Mixed Platforms.Build.0 = Release|Any CPU
		{4FE8770F-FC9B-419F-B05E-F7DA7F870B47}.AppStore|Any CPU.ActiveCfg = Release|Any CPU
		{4FE8770F-FC9B-419F-B05E-F7DA7F870B47}.AppStore|Any CPU.Build.0 = Release|Any CPU
		{4FE8770F-FC9B-419F-B05E-F7DA7F870B47}.AppStore|iPhone.ActiveCfg = Release|Any CPU
		{4FE8770F-FC9B-419F-B05E-F7DA7F870B47}.AppStore|iPhoneSimulator.ActiveCfg = Release|Any CPU
		{4FE8770F-FC9B-419F-B05E-F7DA7F870B47}.AppStore|Mixed Platforms.ActiveCfg = Release|Any CPU
		{4FE8770F-FC9B-419F-B05E-F7DA7F870B47}.AppStore|Mixed Platforms.Build.0 = Release|Any CPU
		{4FE8770F-FC9B-419F-B05E-F7DA7F870B47}.Debug|Any CPU.ActiveCfg = Debug|Any CPU
		{4FE8770F-FC9B-419F-B05E-F7DA7F870B47}.Debug|Any CPU.Build.0 = Debug|Any CPU
		{4FE8770F-FC9B-419F-B05E-F7DA7F870B47}.Debug|iPhone.ActiveCfg = Debug|Any CPU
		{4FE8770F-FC9B-419F-B05E-F7DA7F870B47}.Debug|iPhoneSimulator.ActiveCfg = Debug|Any CPU
		{4FE8770F-FC9B-419F-B05E-F7DA7F870B47}.Debug|Mixed Platforms.ActiveCfg = Debug|Any CPU
		{4FE8770F-FC9B-419F-B05E-F7DA7F870B47}.Debug|Mixed Platforms.Build.0 = Debug|Any CPU
		{4FE8770F-FC9B-419F-B05E-F7DA7F870B47}.Release|Any CPU.ActiveCfg = Release|Any CPU
		{4FE8770F-FC9B-419F-B05E-F7DA7F870B47}.Release|Any CPU.Build.0 = Release|Any CPU
		{4FE8770F-FC9B-419F-B05E-F7DA7F870B47}.Release|iPhone.ActiveCfg = Release|Any CPU
		{4FE8770F-FC9B-419F-B05E-F7DA7F870B47}.Release|iPhoneSimulator.ActiveCfg = Release|Any CPU
		{4FE8770F-FC9B-419F-B05E-F7DA7F870B47}.Release|Mixed Platforms.ActiveCfg = Release|Any CPU
		{4FE8770F-FC9B-419F-B05E-F7DA7F870B47}.Release|Mixed Platforms.Build.0 = Release|Any CPU
		{0EE4F7B3-9E1E-490B-B8EB-6C23B454F852}.Ad-Hoc|Any CPU.ActiveCfg = Ad-Hoc|iPhone
		{0EE4F7B3-9E1E-490B-B8EB-6C23B454F852}.Ad-Hoc|iPhone.ActiveCfg = Ad-Hoc|iPhone
		{0EE4F7B3-9E1E-490B-B8EB-6C23B454F852}.Ad-Hoc|iPhone.Build.0 = Ad-Hoc|iPhone
		{0EE4F7B3-9E1E-490B-B8EB-6C23B454F852}.Ad-Hoc|iPhoneSimulator.ActiveCfg = Ad-Hoc|iPhoneSimulator
		{0EE4F7B3-9E1E-490B-B8EB-6C23B454F852}.Ad-Hoc|iPhoneSimulator.Build.0 = Ad-Hoc|iPhoneSimulator
		{0EE4F7B3-9E1E-490B-B8EB-6C23B454F852}.Ad-Hoc|Mixed Platforms.ActiveCfg = Ad-Hoc|iPhone
		{0EE4F7B3-9E1E-490B-B8EB-6C23B454F852}.Ad-Hoc|Mixed Platforms.Build.0 = Ad-Hoc|iPhone
		{0EE4F7B3-9E1E-490B-B8EB-6C23B454F852}.AppStore|Any CPU.ActiveCfg = AppStore|iPhone
		{0EE4F7B3-9E1E-490B-B8EB-6C23B454F852}.AppStore|iPhone.ActiveCfg = AppStore|iPhone
		{0EE4F7B3-9E1E-490B-B8EB-6C23B454F852}.AppStore|iPhone.Build.0 = AppStore|iPhone
		{0EE4F7B3-9E1E-490B-B8EB-6C23B454F852}.AppStore|iPhoneSimulator.ActiveCfg = AppStore|iPhoneSimulator
		{0EE4F7B3-9E1E-490B-B8EB-6C23B454F852}.AppStore|iPhoneSimulator.Build.0 = AppStore|iPhoneSimulator
		{0EE4F7B3-9E1E-490B-B8EB-6C23B454F852}.AppStore|Mixed Platforms.ActiveCfg = AppStore|iPhone
		{0EE4F7B3-9E1E-490B-B8EB-6C23B454F852}.AppStore|Mixed Platforms.Build.0 = AppStore|iPhone
		{0EE4F7B3-9E1E-490B-B8EB-6C23B454F852}.Debug|Any CPU.ActiveCfg = Debug|iPhone
		{0EE4F7B3-9E1E-490B-B8EB-6C23B454F852}.Debug|iPhone.ActiveCfg = Debug|iPhone
		{0EE4F7B3-9E1E-490B-B8EB-6C23B454F852}.Debug|iPhone.Build.0 = Debug|iPhone
		{0EE4F7B3-9E1E-490B-B8EB-6C23B454F852}.Debug|iPhoneSimulator.ActiveCfg = Debug|iPhoneSimulator
		{0EE4F7B3-9E1E-490B-B8EB-6C23B454F852}.Debug|iPhoneSimulator.Build.0 = Debug|iPhoneSimulator
		{0EE4F7B3-9E1E-490B-B8EB-6C23B454F852}.Debug|Mixed Platforms.ActiveCfg = Debug|iPhone
		{0EE4F7B3-9E1E-490B-B8EB-6C23B454F852}.Debug|Mixed Platforms.Build.0 = Debug|iPhone
		{0EE4F7B3-9E1E-490B-B8EB-6C23B454F852}.Release|Any CPU.ActiveCfg = Release|iPhone
		{0EE4F7B3-9E1E-490B-B8EB-6C23B454F852}.Release|iPhone.ActiveCfg = Release|iPhone
		{0EE4F7B3-9E1E-490B-B8EB-6C23B454F852}.Release|iPhone.Build.0 = Release|iPhone
		{0EE4F7B3-9E1E-490B-B8EB-6C23B454F852}.Release|iPhoneSimulator.ActiveCfg = Release|iPhoneSimulator
		{0EE4F7B3-9E1E-490B-B8EB-6C23B454F852}.Release|iPhoneSimulator.Build.0 = Release|iPhoneSimulator
		{0EE4F7B3-9E1E-490B-B8EB-6C23B454F852}.Release|Mixed Platforms.ActiveCfg = Release|iPhone
		{0EE4F7B3-9E1E-490B-B8EB-6C23B454F852}.Release|Mixed Platforms.Build.0 = Release|iPhone
	EndGlobalSection
	GlobalSection(SolutionProperties) = preSolution
		HideSolutionNode = FALSE
	EndGlobalSection
EndGlobal
